
Microsoft Visual Studio Solution File, Format Version 12.00
# Visual Studio Version 16
VisualStudioVersion = 16.0.30907.101
MinimumVisualStudioVersion = 10.0.40219.1
Project("{8BC9CEB8-8B4A-11D0-8D11-00A0C91BC942}") = "Addit01", "CS201-HW6.vcxproj", "{B1A8F244-8007-4476-8F44-144E64475968}"
EndProject
Project("{8BC9CEB8-8B4A-11D0-8D11-00A0C91BC942}") = "Addit02", "..\..\repose\CS201-HW6\Addit02\Addit02.vcxproj", "{99EC517F-47D0-4339-94F9-EE3DACC693BD}"
EndProject
Project("{8BC9CEB8-8B4A-11D0-8D11-00A0C91BC942}") = "mainpgrm", "mainpgrm\mainpgrm.vcxproj", "{BB378162-8824-4BC7-86A3-01FD6BD31DEB}"
EndProject
Global
	GlobalSection(SolutionConfigurationPlatforms) = preSolution
		Debug|x64 = Debug|x64
		Debug|x86 = Debug|x86
		Release|x64 = Release|x64
		Release|x86 = Release|x86
	EndGlobalSection
	GlobalSection(ProjectConfigurationPlatforms) = postSolution
		{B1A8F244-8007-4476-8F44-144E64475968}.Debug|x64.ActiveCfg = Debug|x64
		{B1A8F244-8007-4476-8F44-144E64475968}.Debug|x64.Build.0 = Debug|x64
		{B1A8F244-8007-4476-8F44-144E64475968}.Debug|x86.ActiveCfg = Debug|Win32
		{B1A8F244-8007-4476-8F44-144E64475968}.Debug|x86.Build.0 = Debug|Win32
		{B1A8F244-8007-4476-8F44-144E64475968}.Release|x64.ActiveCfg = Release|x64
		{B1A8F244-8007-4476-8F44-144E64475968}.Release|x64.Build.0 = Release|x64
		{B1A8F244-8007-4476-8F44-144E64475968}.Release|x86.ActiveCfg = Release|Win32
		{B1A8F244-8007-4476-8F44-144E64475968}.Release|x86.Build.0 = Release|Win32
		{99EC517F-47D0-4339-94F9-EE3DACC693BD}.Debug|x64.ActiveCfg = Debug|x64
		{99EC517F-47D0-4339-94F9-EE3DACC693BD}.Debug|x64.Build.0 = Debug|x64
		{99EC517F-47D0-4339-94F9-EE3DACC693BD}.Debug|x86.ActiveCfg = Debug|Win32
		{99EC517F-47D0-4339-94F9-EE3DACC693BD}.Debug|x86.Build.0 = Debug|Win32
		{99EC517F-47D0-4339-94F9-EE3DACC693BD}.Release|x64.ActiveCfg = Release|x64
		{99EC517F-47D0-4339-94F9-EE3DACC693BD}.Release|x64.Build.0 = Release|x64
		{99EC517F-47D0-4339-94F9-EE3DACC693BD}.Release|x86.ActiveCfg = Release|Win32
		{99EC517F-47D0-4339-94F9-EE3DACC693BD}.Release|x86.Build.0 = Release|Win32
		{BB378162-8824-4BC7-86A3-01FD6BD31DEB}.Debug|x64.ActiveCfg = Debug|x64
		{BB378162-8824-4BC7-86A3-01FD6BD31DEB}.Debug|x64.Build.0 = Debug|x64
		{BB378162-8824-4BC7-86A3-01FD6BD31DEB}.Debug|x86.ActiveCfg = Debug|Win32
		{BB378162-8824-4BC7-86A3-01FD6BD31DEB}.Debug|x86.Build.0 = Debug|Win32
		{BB378162-8824-4BC7-86A3-01FD6BD31DEB}.Release|x64.ActiveCfg = Release|x64
		{BB378162-8824-4BC7-86A3-01FD6BD31DEB}.Release|x64.Build.0 = Release|x64
		{BB378162-8824-4BC7-86A3-01FD6BD31DEB}.Release|x86.ActiveCfg = Release|Win32
		{BB378162-8824-4BC7-86A3-01FD6BD31DEB}.Release|x86.Build.0 = Release|Win32
	EndGlobalSection
	GlobalSection(SolutionProperties) = preSolution
		HideSolutionNode = FALSE
	EndGlobalSection
	GlobalSection(ExtensibilityGlobals) = postSolution
		SolutionGuid = {9CAAC3A1-CC42-4791-B1D3-33B8B741B1E2}
	EndGlobalSection
EndGlobal
